// !$*UTF8*$!
{
	archiveVersion = 1;
	classes = {
	};
	objectVersion = 50;
	objects = {

/* Begin PBXBuildFile section */
		77BD6F4E2448A9DC00A89D6D /* SingleActionView.xib in Resources */ = {isa = PBXBuildFile; fileRef = 77BD6F4D2448A9DC00A89D6D /* SingleActionView.xib */; };
		77BD6F502448AACB00A89D6D /* SingleActionView.swift in Sources */ = {isa = PBXBuildFile; fileRef = 77BD6F4F2448AACB00A89D6D /* SingleActionView.swift */; };
		77DFBFDB2447B200005AEFEA /* AppDelegate.swift in Sources */ = {isa = PBXBuildFile; fileRef = 77DFBFDA2447B200005AEFEA /* AppDelegate.swift */; };
		77DFBFDD2447B200005AEFEA /* SceneDelegate.swift in Sources */ = {isa = PBXBuildFile; fileRef = 77DFBFDC2447B200005AEFEA /* SceneDelegate.swift */; };
		77DFBFDF2447B200005AEFEA /* ViewController.swift in Sources */ = {isa = PBXBuildFile; fileRef = 77DFBFDE2447B200005AEFEA /* ViewController.swift */; };
		77DFBFE22447B200005AEFEA /* Main.storyboard in Resources */ = {isa = PBXBuildFile; fileRef = 77DFBFE02447B200005AEFEA /* Main.storyboard */; };
		77DFBFE42447B201005AEFEA /* Assets.xcassets in Resources */ = {isa = PBXBuildFile; fileRef = 77DFBFE32447B201005AEFEA /* Assets.xcassets */; };
		77DFBFE72447B201005AEFEA /* LaunchScreen.storyboard in Resources */ = {isa = PBXBuildFile; fileRef = 77DFBFE52447B201005AEFEA /* LaunchScreen.storyboard */; };
		77DFBFF02447B251005AEFEA /* DataSourceAPI.swift in Sources */ = {isa = PBXBuildFile; fileRef = 77DFBFEF2447B251005AEFEA /* DataSourceAPI.swift */; };
		77DFBFF32447BBC7005AEFEA /* Category.swift in Sources */ = {isa = PBXBuildFile; fileRef = 77DFBFF22447BBC7005AEFEA /* Category.swift */; };
		77DFBFF52447BEB8005AEFEA /* Location.swift in Sources */ = {isa = PBXBuildFile; fileRef = 77DFBFF42447BEB8005AEFEA /* Location.swift */; };
		77DFBFF72447BF94005AEFEA /* Address.swift in Sources */ = {isa = PBXBuildFile; fileRef = 77DFBFF62447BF94005AEFEA /* Address.swift */; };
		77DFBFF92447C0F9005AEFEA /* ContactInfo.swift in Sources */ = {isa = PBXBuildFile; fileRef = 77DFBFF82447C0F9005AEFEA /* ContactInfo.swift */; };
		77DFBFFB2447C1DB005AEFEA /* SocialMediaInfo.swift in Sources */ = {isa = PBXBuildFile; fileRef = 77DFBFFA2447C1DB005AEFEA /* SocialMediaInfo.swift */; };
		77E5CD312447D65000E97FA0 /* LocationsTableViewController.swift in Sources */ = {isa = PBXBuildFile; fileRef = 77E5CD302447D65000E97FA0 /* LocationsTableViewController.swift */; };
		77E5CD332447DD2900E97FA0 /* LocationDetailsViewController.swift in Sources */ = {isa = PBXBuildFile; fileRef = 77E5CD322447DD2900E97FA0 /* LocationDetailsViewController.swift */; };
		77F7556D244890A3004514F6 /* BizHoursView.xib in Resources */ = {isa = PBXBuildFile; fileRef = 77F7556C244890A2004514F6 /* BizHoursView.xib */; };
		77F7557024489217004514F6 /* BizHoursView.swift in Sources */ = {isa = PBXBuildFile; fileRef = 77F7556F24489217004514F6 /* BizHoursView.swift */; };
		77F755722448A235004514F6 /* PhoneView.xib in Resources */ = {isa = PBXBuildFile; fileRef = 77F755712448A235004514F6 /* PhoneView.xib */; };
		77F755742448A321004514F6 /* PhoneView.swift in Sources */ = {isa = PBXBuildFile; fileRef = 77F755732448A321004514F6 /* PhoneView.swift */; };
/* End PBXBuildFile section */

/* Begin PBXFileReference section */
		77BD6F4D2448A9DC00A89D6D /* SingleActionView.xib */ = {isa = PBXFileReference; lastKnownFileType = file.xib; path = SingleActionView.xib; sourceTree = "<group>"; };
		77BD6F4F2448AACB00A89D6D /* SingleActionView.swift */ = {isa = PBXFileReference; lastKnownFileType = sourcecode.swift; path = SingleActionView.swift; sourceTree = "<group>"; };
		77DFBFD72447B200005AEFEA /* Sample-App.app */ = {isa = PBXFileReference; explicitFileType = wrapper.application; includeInIndex = 0; path = "Sample-App.app"; sourceTree = BUILT_PRODUCTS_DIR; };
		77DFBFDA2447B200005AEFEA /* AppDelegate.swift */ = {isa = PBXFileReference; lastKnownFileType = sourcecode.swift; path = AppDelegate.swift; sourceTree = "<group>"; };
		77DFBFDC2447B200005AEFEA /* SceneDelegate.swift */ = {isa = PBXFileReference; lastKnownFileType = sourcecode.swift; path = SceneDelegate.swift; sourceTree = "<group>"; };
		77DFBFDE2447B200005AEFEA /* ViewController.swift */ = {isa = PBXFileReference; lastKnownFileType = sourcecode.swift; path = ViewController.swift; sourceTree = "<group>"; };
		77DFBFE12447B200005AEFEA /* Base */ = {isa = PBXFileReference; lastKnownFileType = file.storyboard; name = Base; path = Base.lproj/Main.storyboard; sourceTree = "<group>"; };
		77DFBFE32447B201005AEFEA /* Assets.xcassets */ = {isa = PBXFileReference; lastKnownFileType = folder.assetcatalog; path = Assets.xcassets; sourceTree = "<group>"; };
		77DFBFE62447B201005AEFEA /* Base */ = {isa = PBXFileReference; lastKnownFileType = file.storyboard; name = Base; path = Base.lproj/LaunchScreen.storyboard; sourceTree = "<group>"; };
		77DFBFE82447B201005AEFEA /* Info.plist */ = {isa = PBXFileReference; lastKnownFileType = text.plist.xml; path = Info.plist; sourceTree = "<group>"; };
		77DFBFEF2447B251005AEFEA /* DataSourceAPI.swift */ = {isa = PBXFileReference; lastKnownFileType = sourcecode.swift; path = DataSourceAPI.swift; sourceTree = "<group>"; };
		77DFBFF22447BBC7005AEFEA /* Category.swift */ = {isa = PBXFileReference; lastKnownFileType = sourcecode.swift; path = Category.swift; sourceTree = "<group>"; };
		77DFBFF42447BEB8005AEFEA /* Location.swift */ = {isa = PBXFileReference; lastKnownFileType = sourcecode.swift; path = Location.swift; sourceTree = "<group>"; };
		77DFBFF62447BF94005AEFEA /* Address.swift */ = {isa = PBXFileReference; lastKnownFileType = sourcecode.swift; path = Address.swift; sourceTree = "<group>"; };
		77DFBFF82447C0F9005AEFEA /* ContactInfo.swift */ = {isa = PBXFileReference; lastKnownFileType = sourcecode.swift; path = ContactInfo.swift; sourceTree = "<group>"; };
		77DFBFFA2447C1DB005AEFEA /* SocialMediaInfo.swift */ = {isa = PBXFileReference; lastKnownFileType = sourcecode.swift; path = SocialMediaInfo.swift; sourceTree = "<group>"; };
		77E5CD302447D65000E97FA0 /* LocationsTableViewController.swift */ = {isa = PBXFileReference; lastKnownFileType = sourcecode.swift; path = LocationsTableViewController.swift; sourceTree = "<group>"; };
		77E5CD322447DD2900E97FA0 /* LocationDetailsViewController.swift */ = {isa = PBXFileReference; lastKnownFileType = sourcecode.swift; path = LocationDetailsViewController.swift; sourceTree = "<group>"; };
		77F7556C244890A2004514F6 /* BizHoursView.xib */ = {isa = PBXFileReference; lastKnownFileType = file.xib; path = BizHoursView.xib; sourceTree = "<group>"; };
		77F7556F24489217004514F6 /* BizHoursView.swift */ = {isa = PBXFileReference; lastKnownFileType = sourcecode.swift; path = BizHoursView.swift; sourceTree = "<group>"; };
		77F755712448A235004514F6 /* PhoneView.xib */ = {isa = PBXFileReference; lastKnownFileType = file.xib; path = PhoneView.xib; sourceTree = "<group>"; };
		77F755732448A321004514F6 /* PhoneView.swift */ = {isa = PBXFileReference; lastKnownFileType = sourcecode.swift; path = PhoneView.swift; sourceTree = "<group>"; };
/* End PBXFileReference section */

/* Begin PBXFrameworksBuildPhase section */
		77DFBFD42447B200005AEFEA /* Frameworks */ = {
			isa = PBXFrameworksBuildPhase;
			buildActionMask = 2147483647;
			files = (
			);
			runOnlyForDeploymentPostprocessing = 0;
		};
/* End PBXFrameworksBuildPhase section */

/* Begin PBXGroup section */
		77DFBFCE2447B200005AEFEA = {
			isa = PBXGroup;
			children = (
				77DFBFD92447B200005AEFEA /* Sample-App */,
				77DFBFD82447B200005AEFEA /* Products */,
			);
			sourceTree = "<group>";
		};
		77DFBFD82447B200005AEFEA /* Products */ = {
			isa = PBXGroup;
			children = (
				77DFBFD72447B200005AEFEA /* Sample-App.app */,
			);
			name = Products;
			sourceTree = "<group>";
		};
		77DFBFD92447B200005AEFEA /* Sample-App */ = {
			isa = PBXGroup;
			children = (
				77DFBFEE2447B229005AEFEA /* API */,
				77DFBFDA2447B200005AEFEA /* AppDelegate.swift */,
				77DFBFDC2447B200005AEFEA /* SceneDelegate.swift */,
				77DFBFDE2447B200005AEFEA /* ViewController.swift */,
				77E5CD302447D65000E97FA0 /* LocationsTableViewController.swift */,
				77E5CD322447DD2900E97FA0 /* LocationDetailsViewController.swift */,
				77F7556E244891BF004514F6 /* Views */,
				77DFBFE02447B200005AEFEA /* Main.storyboard */,
				77DFBFE32447B201005AEFEA /* Assets.xcassets */,
				77DFBFE52447B201005AEFEA /* LaunchScreen.storyboard */,
				77DFBFE82447B201005AEFEA /* Info.plist */,
			);
			path = "Sample-App";
			sourceTree = "<group>";
		};
		77DFBFEE2447B229005AEFEA /* API */ = {
			isa = PBXGroup;
			children = (
				77DFBFF12447BBB4005AEFEA /* Models */,
				77DFBFEF2447B251005AEFEA /* DataSourceAPI.swift */,
			);
			path = API;
			sourceTree = "<group>";
		};
		77DFBFF12447BBB4005AEFEA /* Models */ = {
			isa = PBXGroup;
			children = (
				77DFBFF22447BBC7005AEFEA /* Category.swift */,
				77DFBFF42447BEB8005AEFEA /* Location.swift */,
				77DFBFF62447BF94005AEFEA /* Address.swift */,
				77DFBFF82447C0F9005AEFEA /* ContactInfo.swift */,
				77DFBFFA2447C1DB005AEFEA /* SocialMediaInfo.swift */,
			);
			path = Models;
			sourceTree = "<group>";
		};
		77F7556E244891BF004514F6 /* Views */ = {
			isa = PBXGroup;
			children = (
				77F7556C244890A2004514F6 /* BizHoursView.xib */,
				77F7556F24489217004514F6 /* BizHoursView.swift */,
				77F755712448A235004514F6 /* PhoneView.xib */,
				77F755732448A321004514F6 /* PhoneView.swift */,
				77BD6F4D2448A9DC00A89D6D /* SingleActionView.xib */,
				77BD6F4F2448AACB00A89D6D /* SingleActionView.swift */,
			);
			path = Views;
			sourceTree = "<group>";
		};
/* End PBXGroup section */

/* Begin PBXNativeTarget section */
		77DFBFD62447B200005AEFEA /* Sample-App */ = {
			isa = PBXNativeTarget;
			buildConfigurationList = 77DFBFEB2447B201005AEFEA /* Build configuration list for PBXNativeTarget "Sample-App" */;
			buildPhases = (
				77DFBFD32447B200005AEFEA /* Sources */,
				77DFBFD42447B200005AEFEA /* Frameworks */,
				77DFBFD52447B200005AEFEA /* Resources */,
			);
			buildRules = (
			);
			dependencies = (
			);
			name = "Sample-App";
			productName = "Sample-App";
			productReference = 77DFBFD72447B200005AEFEA /* Sample-App.app */;
			productType = "com.apple.product-type.application";
		};
/* End PBXNativeTarget section */

/* Begin PBXProject section */
		77DFBFCF2447B200005AEFEA /* Project object */ = {
			isa = PBXProject;
			attributes = {
				LastSwiftUpdateCheck = 1140;
				LastUpgradeCheck = 1140;
				ORGANIZATIONNAME = "Israel Romero";
				TargetAttributes = {
					77DFBFD62447B200005AEFEA = {
						CreatedOnToolsVersion = 11.4;
					};
				};
			};
			buildConfigurationList = 77DFBFD22447B200005AEFEA /* Build configuration list for PBXProject "Sample-App" */;
			compatibilityVersion = "Xcode 9.3";
			developmentRegion = en;
			hasScannedForEncodings = 0;
			knownRegions = (
				en,
				Base,
			);
			mainGroup = 77DFBFCE2447B200005AEFEA;
			productRefGroup = 77DFBFD82447B200005AEFEA /* Products */;
			projectDirPath = "";
			projectRoot = "";
			targets = (
				77DFBFD62447B200005AEFEA /* Sample-App */,
			);
		};
/* End PBXProject section */

/* Begin PBXResourcesBuildPhase section */
		77DFBFD52447B200005AEFEA /* Resources */ = {
			isa = PBXResourcesBuildPhase;
			buildActionMask = 2147483647;
			files = (
				77DFBFE72447B201005AEFEA /* LaunchScreen.storyboard in Resources */,
				77F755722448A235004514F6 /* PhoneView.xib in Resources */,
				77DFBFE42447B201005AEFEA /* Assets.xcassets in Resources */,
				77F7556D244890A3004514F6 /* BizHoursView.xib in Resources */,
				77BD6F4E2448A9DC00A89D6D /* SingleActionView.xib in Resources */,
				77DFBFE22447B200005AEFEA /* Main.storyboard in Resources */,
			);
			runOnlyForDeploymentPostprocessing = 0;
		};
/* End PBXResourcesBuildPhase section */

/* Begin PBXSourcesBuildPhase section */
		77DFBFD32447B200005AEFEA /* Sources */ = {
			isa = PBXSourcesBuildPhase;
			buildActionMask = 2147483647;
			files = (
				77E5CD312447D65000E97FA0 /* LocationsTableViewController.swift in Sources */,
				77DFBFDF2447B200005AEFEA /* ViewController.swift in Sources */,
				77F7557024489217004514F6 /* BizHoursView.swift in Sources */,
				77DFBFF32447BBC7005AEFEA /* Category.swift in Sources */,
				77E5CD332447DD2900E97FA0 /* LocationDetailsViewController.swift in Sources */,
				77DFBFF52447BEB8005AEFEA /* Location.swift in Sources */,
				77DFBFDB2447B200005AEFEA /* AppDelegate.swift in Sources */,
				77F755742448A321004514F6 /* PhoneView.swift in Sources */,
				77BD6F502448AACB00A89D6D /* SingleActionView.swift in Sources */,
				77DFBFF92447C0F9005AEFEA /* ContactInfo.swift in Sources */,
				77DFBFDD2447B200005AEFEA /* SceneDelegate.swift in Sources */,
				77DFBFF02447B251005AEFEA /* DataSourceAPI.swift in Sources */,
				77DFBFFB2447C1DB005AEFEA /* SocialMediaInfo.swift in Sources */,
				77DFBFF72447BF94005AEFEA /* Address.swift in Sources */,
			);
			runOnlyForDeploymentPostprocessing = 0;
		};
/* End PBXSourcesBuildPhase section */

/* Begin PBXVariantGroup section */
		77DFBFE02447B200005AEFEA /* Main.storyboard */ = {
			isa = PBXVariantGroup;
			children = (
				77DFBFE12447B200005AEFEA /* Base */,
			);
			name = Main.storyboard;
			sourceTree = "<group>";
		};
		77DFBFE52447B201005AEFEA /* LaunchScreen.storyboard */ = {
			isa = PBXVariantGroup;
			children = (
				77DFBFE62447B201005AEFEA /* Base */,
			);
			name = LaunchScreen.storyboard;
			sourceTree = "<group>";
		};
/* End PBXVariantGroup section */

/* Begin XCBuildConfiguration section */
		77DFBFE92447B201005AEFEA /* Debug */ = {
			isa = XCBuildConfiguration;
			buildSettings = {
				ALWAYS_SEARCH_USER_PATHS = NO;
				CLANG_ANALYZER_NONNULL = YES;
				CLANG_ANALYZER_NUMBER_OBJECT_CONVERSION = YES_AGGRESSIVE;
				CLANG_CXX_LANGUAGE_STANDARD = "gnu++14";
				CLANG_CXX_LIBRARY = "libc++";
				CLANG_ENABLE_MODULES = YES;
				CLANG_ENABLE_OBJC_ARC = YES;
				CLANG_ENABLE_OBJC_WEAK = YES;
				CLANG_WARN_BLOCK_CAPTURE_AUTORELEASING = YES;
				CLANG_WARN_BOOL_CONVERSION = YES;
				CLANG_WARN_COMMA = YES;
				CLANG_WARN_CONSTANT_CONVERSION = YES;
				CLANG_WARN_DEPRECATED_OBJC_IMPLEMENTATIONS = YES;
				CLANG_WARN_DIRECT_OBJC_ISA_USAGE = YES_ERROR;
				CLANG_WARN_DOCUMENTATION_COMMENTS = YES;
				CLANG_WARN_EMPTY_BODY = YES;
				CLANG_WARN_ENUM_CONVERSION = YES;
				CLANG_WARN_INFINITE_RECURSION = YES;
				CLANG_WARN_INT_CONVERSION = YES;
				CLANG_WARN_NON_LITERAL_NULL_CONVERSION = YES;
				CLANG_WARN_OBJC_IMPLICIT_RETAIN_SELF = YES;
				CLANG_WARN_OBJC_LITERAL_CONVERSION = YES;
				CLANG_WARN_OBJC_ROOT_CLASS = YES_ERROR;
				CLANG_WARN_RANGE_LOOP_ANALYSIS = YES;
				CLANG_WARN_STRICT_PROTOTYPES = YES;
				CLANG_WARN_SUSPICIOUS_MOVE = YES;
				CLANG_WARN_UNGUARDED_AVAILABILITY = YES_AGGRESSIVE;
				CLANG_WARN_UNREACHABLE_CODE = YES;
				CLANG_WARN__DUPLICATE_METHOD_MATCH = YES;
				COPY_PHASE_STRIP = NO;
				DEBUG_INFORMATION_FORMAT = dwarf;
				ENABLE_STRICT_OBJC_MSGSEND = YES;
				ENABLE_TESTABILITY = YES;
				GCC_C_LANGUAGE_STANDARD = gnu11;
				GCC_DYNAMIC_NO_PIC = NO;
				GCC_NO_COMMON_BLOCKS = YES;
				GCC_OPTIMIZATION_LEVEL = 0;
				GCC_PREPROCESSOR_DEFINITIONS = (
					"DEBUG=1",
					"$(inherited)",
				);
				GCC_WARN_64_TO_32_BIT_CONVERSION = YES;
				GCC_WARN_ABOUT_RETURN_TYPE = YES_ERROR;
				GCC_WARN_UNDECLARED_SELECTOR = YES;
				GCC_WARN_UNINITIALIZED_AUTOS = YES_AGGRESSIVE;
				GCC_WARN_UNUSED_FUNCTION = YES;
				GCC_WARN_UNUSED_VARIABLE = YES;
				IPHONEOS_DEPLOYMENT_TARGET = 13.4;
				MTL_ENABLE_DEBUG_INFO = INCLUDE_SOURCE;
				MTL_FAST_MATH = YES;
				ONLY_ACTIVE_ARCH = YES;
				SDKROOT = iphoneos;
				SWIFT_ACTIVE_COMPILATION_CONDITIONS = DEBUG;
				SWIFT_OPTIMIZATION_LEVEL = "-Onone";
			};
			name = Debug;
		};
		77DFBFEA2447B201005AEFEA /* Release */ = {
			isa = XCBuildConfiguration;
			buildSettings = {
				ALWAYS_SEARCH_USER_PATHS = NO;
				CLANG_ANALYZER_NONNULL = YES;
				CLANG_ANALYZER_NUMBER_OBJECT_CONVERSION = YES_AGGRESSIVE;
				CLANG_CXX_LANGUAGE_STANDARD = "gnu++14";
				CLANG_CXX_LIBRARY = "libc++";
				CLANG_ENABLE_MODULES = YES;
				CLANG_ENABLE_OBJC_ARC = YES;
				CLANG_ENABLE_OBJC_WEAK = YES;
				CLANG_WARN_BLOCK_CAPTURE_AUTORELEASING = YES;
				CLANG_WARN_BOOL_CONVERSION = YES;
				CLANG_WARN_COMMA = YES;
				CLANG_WARN_CONSTANT_CONVERSION = YES;
				CLANG_WARN_DEPRECATED_OBJC_IMPLEMENTATIONS = YES;
				CLANG_WARN_DIRECT_OBJC_ISA_USAGE = YES_ERROR;
				CLANG_WARN_DOCUMENTATION_COMMENTS = YES;
				CLANG_WARN_EMPTY_BODY = YES;
				CLANG_WARN_ENUM_CONVERSION = YES;
				CLANG_WARN_INFINITE_RECURSION = YES;
				CLANG_WARN_INT_CONVERSION = YES;
				CLANG_WARN_NON_LITERAL_NULL_CONVERSION = YES;
				CLANG_WARN_OBJC_IMPLICIT_RETAIN_SELF = YES;
				CLANG_WARN_OBJC_LITERAL_CONVERSION = YES;
				CLANG_WARN_OBJC_ROOT_CLASS = YES_ERROR;
				CLANG_WARN_RANGE_LOOP_ANALYSIS = YES;
				CLANG_WARN_STRICT_PROTOTYPES = YES;
				CLANG_WARN_SUSPICIOUS_MOVE = YES;
				CLANG_WARN_UNGUARDED_AVAILABILITY = YES_AGGRESSIVE;
				CLANG_WARN_UNREACHABLE_CODE = YES;
				CLANG_WARN__DUPLICATE_METHOD_MATCH = YES;
				COPY_PHASE_STRIP = NO;
				DEBUG_INFORMATION_FORMAT = "dwarf-with-dsym";
				ENABLE_NS_ASSERTIONS = NO;
				ENABLE_STRICT_OBJC_MSGSEND = YES;
				GCC_C_LANGUAGE_STANDARD = gnu11;
				GCC_NO_COMMON_BLOCKS = YES;
				GCC_WARN_64_TO_32_BIT_CONVERSION = YES;
				GCC_WARN_ABOUT_RETURN_TYPE = YES_ERROR;
				GCC_WARN_UNDECLARED_SELECTOR = YES;
				GCC_WARN_UNINITIALIZED_AUTOS = YES_AGGRESSIVE;
				GCC_WARN_UNUSED_FUNCTION = YES;
				GCC_WARN_UNUSED_VARIABLE = YES;
				IPHONEOS_DEPLOYMENT_TARGET = 13.4;
				MTL_ENABLE_DEBUG_INFO = NO;
				MTL_FAST_MATH = YES;
				SDKROOT = iphoneos;
				SWIFT_COMPILATION_MODE = wholemodule;
				SWIFT_OPTIMIZATION_LEVEL = "-O";
				VALIDATE_PRODUCT = YES;
			};
			name = Release;
		};
		77DFBFEC2447B201005AEFEA /* Debug */ = {
			isa = XCBuildConfiguration;
			buildSettings = {
				ASSETCATALOG_COMPILER_APPICON_NAME = AppIcon;
				CODE_SIGN_STYLE = Automatic;
				DEVELOPMENT_TEAM = 6Q7YMLR3UE;
				INFOPLIST_FILE = "Sample-App/Info.plist";
				LD_RUNPATH_SEARCH_PATHS = (
					"$(inherited)",
					"@executable_path/Frameworks",
				);
				PRODUCT_BUNDLE_IDENTIFIER = "com.urdsign.Sample-App";
				PRODUCT_NAME = "$(TARGET_NAME)";
				SWIFT_VERSION = 5.0;
				TARGETED_DEVICE_FAMILY = "1,2";
			};
			name = Debug;
		};
		77DFBFED2447B201005AEFEA /* Release */ = {
			isa = XCBuildConfiguration;
			buildSettings = {
				ASSETCATALOG_COMPILER_APPICON_NAME = AppIcon;
				CODE_SIGN_STYLE = Automatic;
				DEVELOPMENT_TEAM = 6Q7YMLR3UE;
				INFOPLIST_FILE = "Sample-App/Info.plist";
				LD_RUNPATH_SEARCH_PATHS = (
					"$(inherited)",
					"@executable_path/Frameworks",
				);
				PRODUCT_BUNDLE_IDENTIFIER = "com.urdsign.Sample-App";
				PRODUCT_NAME = "$(TARGET_NAME)";
				SWIFT_VERSION = 5.0;
				TARGETED_DEVICE_FAMILY = "1,2";
			};
			name = Release;
		};
/* End XCBuildConfiguration section */

/* Begin XCConfigurationList section */
		77DFBFD22447B200005AEFEA /* Build configuration list for PBXProject "Sample-App" */ = {
			isa = XCConfigurationList;
			buildConfigurations = (
				77DFBFE92447B201005AEFEA /* Debug */,
				77DFBFEA2447B201005AEFEA /* Release */,
			);
			defaultConfigurationIsVisible = 0;
			defaultConfigurationName = Release;
		};
		77DFBFEB2447B201005AEFEA /* Build configuration list for PBXNativeTarget "Sample-App" */ = {
			isa = XCConfigurationList;
			buildConfigurations = (
				77DFBFEC2447B201005AEFEA /* Debug */,
				77DFBFED2447B201005AEFEA /* Release */,
			);
			defaultConfigurationIsVisible = 0;
			defaultConfigurationName = Release;
		};
/* End XCConfigurationList section */
	};
	rootObject = 77DFBFCF2447B200005AEFEA /* Project object */;
}
