// !$*UTF8*$!
{
	archiveVersion = 1;
	classes = {
	};
	objectVersion = 48;
	objects = {

/* Begin PBXBuildFile section */
		F8327F521FB6659A0074505D /* AppDelegate.swift in Sources */ = {isa = PBXBuildFile; fileRef = F8327F511FB6659A0074505D /* AppDelegate.swift */; };
		F8327F571FB6659A0074505D /* Main.storyboard in Resources */ = {isa = PBXBuildFile; fileRef = F8327F551FB6659A0074505D /* Main.storyboard */; };
		F8327F591FB6659A0074505D /* Assets.xcassets in Resources */ = {isa = PBXBuildFile; fileRef = F8327F581FB6659A0074505D /* Assets.xcassets */; };
		F8327F5C1FB6659A0074505D /* LaunchScreen.storyboard in Resources */ = {isa = PBXBuildFile; fileRef = F8327F5A1FB6659A0074505D /* LaunchScreen.storyboard */; };
		F8327F691FB66A570074505D /* data in Resources */ = {isa = PBXBuildFile; fileRef = F8327F681FB66A570074505D /* data */; };
		F8327F6F1FB6987B0074505D /* CategoriesViewController.swift in Sources */ = {isa = PBXBuildFile; fileRef = F8327F6E1FB6987B0074505D /* CategoriesViewController.swift */; };
		F8327F711FB69AC10074505D /* TableViewController.swift in Sources */ = {isa = PBXBuildFile; fileRef = F8327F701FB69AC10074505D /* TableViewController.swift */; };
		F8327F731FB69DB80074505D /* Constants.swift in Sources */ = {isa = PBXBuildFile; fileRef = F8327F721FB69DB80074505D /* Constants.swift */; };
		F8327F751FB6A5580074505D /* CategoriesTableViewCell.swift in Sources */ = {isa = PBXBuildFile; fileRef = F8327F741FB6A5580074505D /* CategoriesTableViewCell.swift */; };
/* End PBXBuildFile section */

/* Begin PBXFileReference section */
		F8327F4E1FB6659A0074505D /* QuickSeriesTest.app */ = {isa = PBXFileReference; explicitFileType = wrapper.application; includeInIndex = 0; path = QuickSeriesTest.app; sourceTree = BUILT_PRODUCTS_DIR; };
		F8327F511FB6659A0074505D /* AppDelegate.swift */ = {isa = PBXFileReference; lastKnownFileType = sourcecode.swift; path = AppDelegate.swift; sourceTree = "<group>"; };
		F8327F561FB6659A0074505D /* Base */ = {isa = PBXFileReference; lastKnownFileType = file.storyboard; name = Base; path = Base.lproj/Main.storyboard; sourceTree = "<group>"; };
		F8327F581FB6659A0074505D /* Assets.xcassets */ = {isa = PBXFileReference; lastKnownFileType = folder.assetcatalog; path = Assets.xcassets; sourceTree = "<group>"; };
		F8327F5B1FB6659A0074505D /* Base */ = {isa = PBXFileReference; lastKnownFileType = file.storyboard; name = Base; path = Base.lproj/LaunchScreen.storyboard; sourceTree = "<group>"; };
		F8327F5D1FB6659A0074505D /* Info.plist */ = {isa = PBXFileReference; lastKnownFileType = text.plist.xml; path = Info.plist; sourceTree = "<group>"; };
		F8327F681FB66A570074505D /* data */ = {isa = PBXFileReference; lastKnownFileType = folder; path = data; sourceTree = "<group>"; };
		F8327F6E1FB6987B0074505D /* CategoriesViewController.swift */ = {isa = PBXFileReference; lastKnownFileType = sourcecode.swift; path = CategoriesViewController.swift; sourceTree = "<group>"; };
		F8327F701FB69AC10074505D /* TableViewController.swift */ = {isa = PBXFileReference; lastKnownFileType = sourcecode.swift; path = TableViewController.swift; sourceTree = "<group>"; };
		F8327F721FB69DB80074505D /* Constants.swift */ = {isa = PBXFileReference; lastKnownFileType = sourcecode.swift; path = Constants.swift; sourceTree = "<group>"; };
		F8327F741FB6A5580074505D /* CategoriesTableViewCell.swift */ = {isa = PBXFileReference; lastKnownFileType = sourcecode.swift; path = CategoriesTableViewCell.swift; sourceTree = "<group>"; };
/* End PBXFileReference section */

/* Begin PBXFrameworksBuildPhase section */
		F8327F4B1FB6659A0074505D /* Frameworks */ = {
			isa = PBXFrameworksBuildPhase;
			buildActionMask = 2147483647;
			files = (
			);
			runOnlyForDeploymentPostprocessing = 0;
		};
/* End PBXFrameworksBuildPhase section */

/* Begin PBXGroup section */
		F8327F451FB6659A0074505D = {
			isa = PBXGroup;
			children = (
				F8327F501FB6659A0074505D /* QuickSeriesTest */,
				F8327F4F1FB6659A0074505D /* Products */,
			);
			sourceTree = "<group>";
		};
		F8327F4F1FB6659A0074505D /* Products */ = {
			isa = PBXGroup;
			children = (
				F8327F4E1FB6659A0074505D /* QuickSeriesTest.app */,
			);
			name = Products;
			sourceTree = "<group>";
		};
		F8327F501FB6659A0074505D /* QuickSeriesTest */ = {
			isa = PBXGroup;
			children = (
				F8327F681FB66A570074505D /* data */,
				F8327F511FB6659A0074505D /* AppDelegate.swift */,
				F8327F6E1FB6987B0074505D /* CategoriesViewController.swift */,
				F8327F741FB6A5580074505D /* CategoriesTableViewCell.swift */,
				F8327F551FB6659A0074505D /* Main.storyboard */,
				F8327F581FB6659A0074505D /* Assets.xcassets */,
				F8327F5A1FB6659A0074505D /* LaunchScreen.storyboard */,
				F8327F5D1FB6659A0074505D /* Info.plist */,
				F8327F701FB69AC10074505D /* TableViewController.swift */,
				F8327F721FB69DB80074505D /* Constants.swift */,
			);
			path = QuickSeriesTest;
			sourceTree = "<group>";
		};
/* End PBXGroup section */

/* Begin PBXNativeTarget section */
		F8327F4D1FB6659A0074505D /* QuickSeriesTest */ = {
			isa = PBXNativeTarget;
			buildConfigurationList = F8327F601FB6659A0074505D /* Build configuration list for PBXNativeTarget "QuickSeriesTest" */;
			buildPhases = (
				F8327F4A1FB6659A0074505D /* Sources */,
				F8327F4B1FB6659A0074505D /* Frameworks */,
				F8327F4C1FB6659A0074505D /* Resources */,
			);
			buildRules = (
			);
			dependencies = (
			);
			name = QuickSeriesTest;
			productName = QuickSeriesTest;
			productReference = F8327F4E1FB6659A0074505D /* QuickSeriesTest.app */;
			productType = "com.apple.product-type.application";
		};
/* End PBXNativeTarget section */

/* Begin PBXProject section */
		F8327F461FB6659A0074505D /* Project object */ = {
			isa = PBXProject;
			attributes = {
				LastSwiftUpdateCheck = 0910;
				LastUpgradeCheck = 0910;
				ORGANIZATIONNAME = "Mgrditch Bajakian";
				TargetAttributes = {
					F8327F4D1FB6659A0074505D = {
						CreatedOnToolsVersion = 9.1;
						ProvisioningStyle = Automatic;
					};
				};
			};
			buildConfigurationList = F8327F491FB6659A0074505D /* Build configuration list for PBXProject "QuickSeriesTest" */;
			compatibilityVersion = "Xcode 8.0";
			developmentRegion = en;
			hasScannedForEncodings = 0;
			knownRegions = (
				en,
				Base,
			);
			mainGroup = F8327F451FB6659A0074505D;
			productRefGroup = F8327F4F1FB6659A0074505D /* Products */;
			projectDirPath = "";
			projectRoot = "";
			targets = (
				F8327F4D1FB6659A0074505D /* QuickSeriesTest */,
			);
		};
/* End PBXProject section */

/* Begin PBXResourcesBuildPhase section */
		F8327F4C1FB6659A0074505D /* Resources */ = {
			isa = PBXResourcesBuildPhase;
			buildActionMask = 2147483647;
			files = (
				F8327F5C1FB6659A0074505D /* LaunchScreen.storyboard in Resources */,
				F8327F591FB6659A0074505D /* Assets.xcassets in Resources */,
				F8327F691FB66A570074505D /* data in Resources */,
				F8327F571FB6659A0074505D /* Main.storyboard in Resources */,
			);
			runOnlyForDeploymentPostprocessing = 0;
		};
/* End PBXResourcesBuildPhase section */

/* Begin PBXSourcesBuildPhase section */
		F8327F4A1FB6659A0074505D /* Sources */ = {
			isa = PBXSourcesBuildPhase;
			buildActionMask = 2147483647;
			files = (
				F8327F6F1FB6987B0074505D /* CategoriesViewController.swift in Sources */,
				F8327F711FB69AC10074505D /* TableViewController.swift in Sources */,
				F8327F521FB6659A0074505D /* AppDelegate.swift in Sources */,
				F8327F731FB69DB80074505D /* Constants.swift in Sources */,
				F8327F751FB6A5580074505D /* CategoriesTableViewCell.swift in Sources */,
			);
			runOnlyForDeploymentPostprocessing = 0;
		};
/* End PBXSourcesBuildPhase section */

/* Begin PBXVariantGroup section */
		F8327F551FB6659A0074505D /* Main.storyboard */ = {
			isa = PBXVariantGroup;
			children = (
				F8327F561FB6659A0074505D /* Base */,
			);
			name = Main.storyboard;
			sourceTree = "<group>";
		};
		F8327F5A1FB6659A0074505D /* LaunchScreen.storyboard */ = {
			isa = PBXVariantGroup;
			children = (
				F8327F5B1FB6659A0074505D /* Base */,
			);
			name = LaunchScreen.storyboard;
			sourceTree = "<group>";
		};
/* End PBXVariantGroup section */

/* Begin XCBuildConfiguration section */
		F8327F5E1FB6659A0074505D /* Debug */ = {
			isa = XCBuildConfiguration;
			buildSettings = {
				ALWAYS_SEARCH_USER_PATHS = NO;
				CLANG_ANALYZER_NONNULL = YES;
				CLANG_ANALYZER_NUMBER_OBJECT_CONVERSION = YES_AGGRESSIVE;
				CLANG_CXX_LANGUAGE_STANDARD = "gnu++14";
				CLANG_CXX_LIBRARY = "libc++";
				CLANG_ENABLE_MODULES = YES;
				CLANG_ENABLE_OBJC_ARC = YES;
				CLANG_WARN_BLOCK_CAPTURE_AUTORELEASING = YES;
				CLANG_WARN_BOOL_CONVERSION = YES;
				CLANG_WARN_COMMA = YES;
				CLANG_WARN_CONSTANT_CONVERSION = YES;
				CLANG_WARN_DIRECT_OBJC_ISA_USAGE = YES_ERROR;
				CLANG_WARN_DOCUMENTATION_COMMENTS = YES;
				CLANG_WARN_EMPTY_BODY = YES;
				CLANG_WARN_ENUM_CONVERSION = YES;
				CLANG_WARN_INFINITE_RECURSION = YES;
				CLANG_WARN_INT_CONVERSION = YES;
				CLANG_WARN_NON_LITERAL_NULL_CONVERSION = YES;
				CLANG_WARN_OBJC_LITERAL_CONVERSION = YES;
				CLANG_WARN_OBJC_ROOT_CLASS = YES_ERROR;
				CLANG_WARN_RANGE_LOOP_ANALYSIS = YES;
				CLANG_WARN_STRICT_PROTOTYPES = YES;
				CLANG_WARN_SUSPICIOUS_MOVE = YES;
				CLANG_WARN_UNGUARDED_AVAILABILITY = YES_AGGRESSIVE;
				CLANG_WARN_UNREACHABLE_CODE = YES;
				CLANG_WARN__DUPLICATE_METHOD_MATCH = YES;
				CODE_SIGN_IDENTITY = "iPhone Developer";
				COPY_PHASE_STRIP = NO;
				DEBUG_INFORMATION_FORMAT = dwarf;
				ENABLE_STRICT_OBJC_MSGSEND = YES;
				ENABLE_TESTABILITY = YES;
				GCC_C_LANGUAGE_STANDARD = gnu11;
				GCC_DYNAMIC_NO_PIC = NO;
				GCC_NO_COMMON_BLOCKS = YES;
				GCC_OPTIMIZATION_LEVEL = 0;
				GCC_PREPROCESSOR_DEFINITIONS = (
					"DEBUG=1",
					"$(inherited)",
				);
				GCC_WARN_64_TO_32_BIT_CONVERSION = YES;
				GCC_WARN_ABOUT_RETURN_TYPE = YES_ERROR;
				GCC_WARN_UNDECLARED_SELECTOR = YES;
				GCC_WARN_UNINITIALIZED_AUTOS = YES_AGGRESSIVE;
				GCC_WARN_UNUSED_FUNCTION = YES;
				GCC_WARN_UNUSED_VARIABLE = YES;
				IPHONEOS_DEPLOYMENT_TARGET = 11.1;
				MTL_ENABLE_DEBUG_INFO = YES;
				ONLY_ACTIVE_ARCH = YES;
				SDKROOT = iphoneos;
				SWIFT_ACTIVE_COMPILATION_CONDITIONS = DEBUG;
				SWIFT_OPTIMIZATION_LEVEL = "-Onone";
			};
			name = Debug;
		};
		F8327F5F1FB6659A0074505D /* Release */ = {
			isa = XCBuildConfiguration;
			buildSettings = {
				ALWAYS_SEARCH_USER_PATHS = NO;
				CLANG_ANALYZER_NONNULL = YES;
				CLANG_ANALYZER_NUMBER_OBJECT_CONVERSION = YES_AGGRESSIVE;
				CLANG_CXX_LANGUAGE_STANDARD = "gnu++14";
				CLANG_CXX_LIBRARY = "libc++";
				CLANG_ENABLE_MODULES = YES;
				CLANG_ENABLE_OBJC_ARC = YES;
				CLANG_WARN_BLOCK_CAPTURE_AUTORELEASING = YES;
				CLANG_WARN_BOOL_CONVERSION = YES;
				CLANG_WARN_COMMA = YES;
				CLANG_WARN_CONSTANT_CONVERSION = YES;
				CLANG_WARN_DIRECT_OBJC_ISA_USAGE = YES_ERROR;
				CLANG_WARN_DOCUMENTATION_COMMENTS = YES;
				CLANG_WARN_EMPTY_BODY = YES;
				CLANG_WARN_ENUM_CONVERSION = YES;
				CLANG_WARN_INFINITE_RECURSION = YES;
				CLANG_WARN_INT_CONVERSION = YES;
				CLANG_WARN_NON_LITERAL_NULL_CONVERSION = YES;
				CLANG_WARN_OBJC_LITERAL_CONVERSION = YES;
				CLANG_WARN_OBJC_ROOT_CLASS = YES_ERROR;
				CLANG_WARN_RANGE_LOOP_ANALYSIS = YES;
				CLANG_WARN_STRICT_PROTOTYPES = YES;
				CLANG_WARN_SUSPICIOUS_MOVE = YES;
				CLANG_WARN_UNGUARDED_AVAILABILITY = YES_AGGRESSIVE;
				CLANG_WARN_UNREACHABLE_CODE = YES;
				CLANG_WARN__DUPLICATE_METHOD_MATCH = YES;
				CODE_SIGN_IDENTITY = "iPhone Developer";
				COPY_PHASE_STRIP = NO;
				DEBUG_INFORMATION_FORMAT = "dwarf-with-dsym";
				ENABLE_NS_ASSERTIONS = NO;
				ENABLE_STRICT_OBJC_MSGSEND = YES;
				GCC_C_LANGUAGE_STANDARD = gnu11;
				GCC_NO_COMMON_BLOCKS = YES;
				GCC_WARN_64_TO_32_BIT_CONVERSION = YES;
				GCC_WARN_ABOUT_RETURN_TYPE = YES_ERROR;
				GCC_WARN_UNDECLARED_SELECTOR = YES;
				GCC_WARN_UNINITIALIZED_AUTOS = YES_AGGRESSIVE;
				GCC_WARN_UNUSED_FUNCTION = YES;
				GCC_WARN_UNUSED_VARIABLE = YES;
				IPHONEOS_DEPLOYMENT_TARGET = 11.1;
				MTL_ENABLE_DEBUG_INFO = NO;
				SDKROOT = iphoneos;
				SWIFT_OPTIMIZATION_LEVEL = "-Owholemodule";
				VALIDATE_PRODUCT = YES;
			};
			name = Release;
		};
		F8327F611FB6659A0074505D /* Debug */ = {
			isa = XCBuildConfiguration;
			buildSettings = {
				ASSETCATALOG_COMPILER_APPICON_NAME = AppIcon;
				CODE_SIGN_STYLE = Automatic;
				DEVELOPMENT_TEAM = QQ6VTC4CQ2;
				INFOPLIST_FILE = QuickSeriesTest/Info.plist;
				LD_RUNPATH_SEARCH_PATHS = "$(inherited) @executable_path/Frameworks";
				PRODUCT_BUNDLE_IDENTIFIER = "com.-.QuickSeriesTest";
				PRODUCT_NAME = "$(TARGET_NAME)";
				SWIFT_VERSION = 4.0;
				TARGETED_DEVICE_FAMILY = "1,2";
			};
			name = Debug;
		};
		F8327F621FB6659A0074505D /* Release */ = {
			isa = XCBuildConfiguration;
			buildSettings = {
				ASSETCATALOG_COMPILER_APPICON_NAME = AppIcon;
				CODE_SIGN_STYLE = Automatic;
				DEVELOPMENT_TEAM = QQ6VTC4CQ2;
				INFOPLIST_FILE = QuickSeriesTest/Info.plist;
				LD_RUNPATH_SEARCH_PATHS = "$(inherited) @executable_path/Frameworks";
				PRODUCT_BUNDLE_IDENTIFIER = "com.-.QuickSeriesTest";
				PRODUCT_NAME = "$(TARGET_NAME)";
				SWIFT_VERSION = 4.0;
				TARGETED_DEVICE_FAMILY = "1,2";
			};
			name = Release;
		};
/* End XCBuildConfiguration section */

/* Begin XCConfigurationList section */
		F8327F491FB6659A0074505D /* Build configuration list for PBXProject "QuickSeriesTest" */ = {
			isa = XCConfigurationList;
			buildConfigurations = (
				F8327F5E1FB6659A0074505D /* Debug */,
				F8327F5F1FB6659A0074505D /* Release */,
			);
			defaultConfigurationIsVisible = 0;
			defaultConfigurationName = Release;
		};
		F8327F601FB6659A0074505D /* Build configuration list for PBXNativeTarget "QuickSeriesTest" */ = {
			isa = XCConfigurationList;
			buildConfigurations = (
				F8327F611FB6659A0074505D /* Debug */,
				F8327F621FB6659A0074505D /* Release */,
			);
			defaultConfigurationIsVisible = 0;
			defaultConfigurationName = Release;
		};
/* End XCConfigurationList section */
	};
	rootObject = F8327F461FB6659A0074505D /* Project object */;
}
